
Microsoft Visual Studio Solution File, Format Version 12.00
# Visual Studio Version 16
VisualStudioVersion = 16.0.29709.97
MinimumVisualStudioVersion = 10.0.40219.1
Project("{FAE04EC0-301F-11D3-BF4B-00C04F79EFBC}") = "ELMS_Client", "ELMS_Client\ELMS_Client.csproj", "{A00605C0-0AAC-4DEA-BB18-3B66E0D2C4AF}"
EndProject
Project("{FAE04EC0-301F-11D3-BF4B-00C04F79EFBC}") = "ELMS_Client.Tests", "ELMS_Client.Tests\ELMS_Client.Tests.csproj", "{11D3E1C1-38EC-4F04-9B57-08D5796F098D}"
EndProject
Global
	GlobalSection(SolutionConfigurationPlatforms) = preSolution
		Debug|Any CPU = Debug|Any CPU
		Release|Any CPU = Release|Any CPU
	EndGlobalSection
	GlobalSection(ProjectConfigurationPlatforms) = postSolution
		{A00605C0-0AAC-4DEA-BB18-3B66E0D2C4AF}.Debug|Any CPU.ActiveCfg = Debug|Any CPU
		{A00605C0-0AAC-4DEA-BB18-3B66E0D2C4AF}.Debug|Any CPU.Build.0 = Debug|Any CPU
		{A00605C0-0AAC-4DEA-BB18-3B66E0D2C4AF}.Release|Any CPU.ActiveCfg = Release|Any CPU
		{A00605C0-0AAC-4DEA-BB18-3B66E0D2C4AF}.Release|Any CPU.Build.0 = Release|Any CPU
		{11D3E1C1-38EC-4F04-9B57-08D5796F098D}.Debug|Any CPU.ActiveCfg = Debug|Any CPU
		{11D3E1C1-38EC-4F04-9B57-08D5796F098D}.Debug|Any CPU.Build.0 = Debug|Any CPU
		{11D3E1C1-38EC-4F04-9B57-08D5796F098D}.Release|Any CPU.ActiveCfg = Release|Any CPU
		{11D3E1C1-38EC-4F04-9B57-08D5796F098D}.Release|Any CPU.Build.0 = Release|Any CPU
	EndGlobalSection
	GlobalSection(SolutionProperties) = preSolution
		HideSolutionNode = FALSE
	EndGlobalSection
	GlobalSection(ExtensibilityGlobals) = postSolution
		SolutionGuid = {148FFA2B-2DFD-4A3C-9FA9-F6803C06AEC0}
	EndGlobalSection
EndGlobal
